github.com/go-leo/leo/v2 v2.0.0-20230209062037-c32b3a068077 h1:w4u/eSjWfsd4uIM7/ttW4Hyxg9p17ZSkw0f8zj8/iXg=
github.com/go-leo/leo/v2 v2.0.0-20230209062037-c32b3a068077/go.mod h1:AvlUYiIIcG8VAnMsQV50MIaGB1pWd1zF5gyDSRO+nw8=
github.com/robfig/cron/v3 v3.0.1 h1:WdRxkvbJztn8LMz/QEvLN5sBU+xKpSqwwUO1Pjr4qDs=
github.com/robfig/cron/v3 v3.0.1/go.mod h1:eQICP3HwyT7UooqI/z+Ov+PtYAWygg1TEWWzGIFLtro=
